
Microsoft Visual Studio Solution File, Format Version 12.00
# Visual Studio Version 16
VisualStudioVersion = 16.0.29306.81
MinimumVisualStudioVersion = 10.0.40219.1
Project("{FAE04EC0-301F-11D3-BF4B-00C04F79EFBC}") = "Horker.CsvHelper", "Horker.CsvHelper\Horker.CsvHelper.csproj", "{8FE45285-FD37-4AE5-A466-A9AC64BD42C2}"
EndProject
Project("{FAE04EC0-301F-11D3-BF4B-00C04F79EFBC}") = "Horker.CsvHelper.PowerShell", "Horker.CsvHelper.PowerShell\Horker.CsvHelper.PowerShell.csproj", "{FDDCD24F-6B3A-4DAE-88B8-9E93148AD2CF}"
EndProject
Project("{FAE04EC0-301F-11D3-BF4B-00C04F79EFBC}") = "Horker.CsvHelper.Tests", "Horker.CsvHelper.Tests\Horker.CsvHelper.Tests.csproj", "{E5725D4B-A2BF-4908-92C4-C150681CD702}"
EndProject
Global
	GlobalSection(SolutionConfigurationPlatforms) = preSolution
		Debug|Any CPU = Debug|Any CPU
		Release|Any CPU = Release|Any CPU
	EndGlobalSection
	GlobalSection(ProjectConfigurationPlatforms) = postSolution
		{8FE45285-FD37-4AE5-A466-A9AC64BD42C2}.Debug|Any CPU.ActiveCfg = Debug|Any CPU
		{8FE45285-FD37-4AE5-A466-A9AC64BD42C2}.Debug|Any CPU.Build.0 = Debug|Any CPU
		{8FE45285-FD37-4AE5-A466-A9AC64BD42C2}.Release|Any CPU.ActiveCfg = Release|Any CPU
		{8FE45285-FD37-4AE5-A466-A9AC64BD42C2}.Release|Any CPU.Build.0 = Release|Any CPU
		{FDDCD24F-6B3A-4DAE-88B8-9E93148AD2CF}.Debug|Any CPU.ActiveCfg = Debug|Any CPU
		{FDDCD24F-6B3A-4DAE-88B8-9E93148AD2CF}.Debug|Any CPU.Build.0 = Debug|Any CPU
		{FDDCD24F-6B3A-4DAE-88B8-9E93148AD2CF}.Release|Any CPU.ActiveCfg = Release|Any CPU
		{FDDCD24F-6B3A-4DAE-88B8-9E93148AD2CF}.Release|Any CPU.Build.0 = Release|Any CPU
		{E5725D4B-A2BF-4908-92C4-C150681CD702}.Debug|Any CPU.ActiveCfg = Debug|Any CPU
		{E5725D4B-A2BF-4908-92C4-C150681CD702}.Debug|Any CPU.Build.0 = Debug|Any CPU
		{E5725D4B-A2BF-4908-92C4-C150681CD702}.Release|Any CPU.ActiveCfg = Release|Any CPU
		{E5725D4B-A2BF-4908-92C4-C150681CD702}.Release|Any CPU.Build.0 = Release|Any CPU
	EndGlobalSection
	GlobalSection(SolutionProperties) = preSolution
		HideSolutionNode = FALSE
	EndGlobalSection
	GlobalSection(ExtensibilityGlobals) = postSolution
		SolutionGuid = {BEBFDE31-D47E-4C24-BB12-475CD5614EC1}
	EndGlobalSection
EndGlobal
